
Microsoft Visual Studio Solution File, Format Version 12.00
# Visual Studio Version 17
VisualStudioVersion = 17.6.33815.320
MinimumVisualStudioVersion = 10.0.40219.1
Project("{FAE04EC0-301F-11D3-BF4B-00C04F79EFBC}") = "TodoApi", "TodoApi\TodoApi.csproj", "{036BDFB8-888E-4442-92EC-7E4B6801042A}"
EndProject
Global
	GlobalSection(SolutionConfigurationPlatforms) = preSolution
		Debug|Any CPU = Debug|Any CPU
		Release|Any CPU = Release|Any CPU
	EndGlobalSection
	GlobalSection(ProjectConfigurationPlatforms) = postSolution
		{036BDFB8-888E-4442-92EC-7E4B6801042A}.Debug|Any CPU.ActiveCfg = Debug|Any CPU
		{036BDFB8-888E-4442-92EC-7E4B6801042A}.Debug|Any CPU.Build.0 = Debug|Any CPU
		{036BDFB8-888E-4442-92EC-7E4B6801042A}.Release|Any CPU.ActiveCfg = Release|Any CPU
		{036BDFB8-888E-4442-92EC-7E4B6801042A}.Release|Any CPU.Build.0 = Release|Any CPU
	EndGlobalSection
	GlobalSection(SolutionProperties) = preSolution
		HideSolutionNode = FALSE
	EndGlobalSection
	GlobalSection(ExtensibilityGlobals) = postSolution
		SolutionGuid = {B0A08CFA-6A64-4158-987D-9FCFAA8B17D0}
	EndGlobalSection
EndGlobal
